#MicroXplorer Configuration settings - do not modify
CAD.formats=
CAD.pinconfig=
CAD.provider=
File.Version=6
GPIO.groupedBy=Group By Peripherals
KeepUserPlacement=false
Mcu.CPN=STM32F407VET6
Mcu.Family=STM32F4
Mcu.IP0=I2C1
Mcu.IP1=NVIC
Mcu.IP2=RCC
Mcu.IP3=SPI1
Mcu.IP4=SYS
Mcu.IP5=TIM7
<<<<<<< HEAD
Mcu.IP6=TIM8
Mcu.IP7=UART4
Mcu.IP8=USART2
Mcu.IPNb=9
=======
Mcu.IPNb=6
>>>>>>> 7e3a245564d34026c6629dc1f6f08a0930f4cd94
Mcu.Name=STM32F407V(E-G)Tx
Mcu.Package=LQFP100
Mcu.Pin0=PC13-ANTI_TAMP
Mcu.Pin1=PC14-OSC32_IN
<<<<<<< HEAD
Mcu.Pin10=PA5
Mcu.Pin11=PA6
Mcu.Pin12=PA7
Mcu.Pin13=PC4
Mcu.Pin14=PC5
Mcu.Pin15=PE10
Mcu.Pin16=PE15
Mcu.Pin17=PB10
Mcu.Pin18=PD12
Mcu.Pin19=PD13
Mcu.Pin2=PC15-OSC32_OUT
Mcu.Pin20=PD15
Mcu.Pin21=PC6
Mcu.Pin22=PC7
Mcu.Pin23=PC8
Mcu.Pin24=PC9
Mcu.Pin25=PA13
Mcu.Pin26=PA14
Mcu.Pin27=PC12
Mcu.Pin28=PD0
Mcu.Pin29=PD1
=======
Mcu.Pin10=PE10
Mcu.Pin11=PE15
Mcu.Pin12=PB10
Mcu.Pin13=PD15
Mcu.Pin14=PA13
Mcu.Pin15=PA14
Mcu.Pin16=PC12
Mcu.Pin17=PB4
Mcu.Pin18=PB5
Mcu.Pin19=PB6
Mcu.Pin2=PC15-OSC32_OUT
Mcu.Pin20=PB7
Mcu.Pin21=VP_SYS_VS_Systick
Mcu.Pin22=VP_TIM7_VS_ClockSourceINT
>>>>>>> 7e3a245564d34026c6629dc1f6f08a0930f4cd94
Mcu.Pin3=PH0-OSC_IN
Mcu.Pin30=PD5
Mcu.Pin31=PD6
Mcu.Pin32=VP_SYS_VS_Systick
Mcu.Pin33=VP_TIM7_VS_ClockSourceINT
Mcu.Pin34=VP_TIM8_VS_ClockSourceINT
Mcu.Pin4=PH1-OSC_OUT
Mcu.Pin5=PC0
<<<<<<< HEAD
Mcu.Pin6=PA0-WKUP
Mcu.Pin7=PA1
Mcu.Pin8=PA2
Mcu.Pin9=PA3
Mcu.PinsNb=35
=======
Mcu.Pin6=PA4
Mcu.Pin7=PA5
Mcu.Pin8=PA6
Mcu.Pin9=PA7
Mcu.PinsNb=23
>>>>>>> 7e3a245564d34026c6629dc1f6f08a0930f4cd94
Mcu.ThirdPartyNb=0
Mcu.UserConstants=
Mcu.UserName=STM32F407VETx
MxCube.Version=6.9.0
MxDb.Version=DB.6.0.90
NVIC.BusFault_IRQn=true\:0\:0\:false\:false\:true\:false\:false\:false
NVIC.DebugMonitor_IRQn=true\:0\:0\:false\:false\:true\:false\:false\:false
NVIC.EXTI15_10_IRQn=true\:0\:0\:false\:false\:true\:true\:true\:true
NVIC.FPU_IRQn=true\:0\:0\:false\:false\:true\:true\:false\:true
NVIC.ForceEnableDMAVector=true
NVIC.HardFault_IRQn=true\:0\:0\:false\:false\:true\:false\:false\:false
NVIC.I2C1_ER_IRQn=true\:0\:0\:false\:false\:true\:true\:true\:true
NVIC.I2C1_EV_IRQn=true\:0\:0\:false\:false\:true\:true\:true\:true
NVIC.MemoryManagement_IRQn=true\:0\:0\:false\:false\:true\:false\:false\:false
NVIC.NonMaskableInt_IRQn=true\:0\:0\:false\:false\:true\:false\:false\:false
NVIC.PendSV_IRQn=true\:0\:0\:false\:false\:true\:false\:false\:false
NVIC.PriorityGroup=NVIC_PRIORITYGROUP_3
NVIC.RCC_IRQn=true\:0\:0\:false\:false\:true\:true\:false\:true
NVIC.SVCall_IRQn=true\:0\:0\:false\:false\:true\:false\:false\:false
NVIC.SysTick_IRQn=true\:7\:0\:true\:false\:true\:false\:true\:false
NVIC.TIM7_IRQn=true\:0\:1\:false\:false\:true\:true\:true\:true
NVIC.UsageFault_IRQn=true\:0\:0\:false\:false\:true\:false\:false\:false
PA13.Mode=Serial_Wire
PA13.Signal=SYS_JTMS-SWDIO
PA14.Mode=Serial_Wire
PA14.Signal=SYS_JTCK-SWCLK
<<<<<<< HEAD
PA2.Mode=Asynchronous
PA2.Signal=USART2_TX
PA3.Mode=Asynchronous
PA3.Signal=USART2_RX
=======
PA4.GPIOParameters=GPIO_Label
PA4.GPIO_Label=NRF_CE
PA4.Locked=true
PA4.Signal=GPIO_Output
>>>>>>> 7e3a245564d34026c6629dc1f6f08a0930f4cd94
PA5.Mode=Full_Duplex_Master
PA5.Signal=SPI1_SCK
PA6.Mode=Full_Duplex_Master
PA6.Signal=SPI1_MISO
PA7.Mode=Full_Duplex_Master
PA7.Signal=SPI1_MOSI
PB10.GPIOParameters=GPIO_PuPd,GPIO_Label
PB10.GPIO_Label=E_Button
PB10.GPIO_PuPd=GPIO_PULLDOWN
PB10.Locked=true
PB10.Signal=GPXTI10
PB4.GPIOParameters=GPIO_Label
PB4.GPIO_Label=NRF_IRQ
PB4.Locked=true
PB4.Signal=GPIO_Output
PB5.GPIOParameters=GPIO_Label
PB5.GPIO_Label=NRF_CSN
PB5.Locked=true
PB5.Signal=GPIO_Output
PB6.Mode=I2C
PB6.Signal=I2C1_SCL
PB7.Mode=I2C
PB7.Signal=I2C1_SDA
PC0.GPIOParameters=PinState,GPIO_Label
PC0.GPIO_Label=USL1
PC0.Locked=true
PC0.PinState=GPIO_PIN_RESET
PC0.Signal=GPIO_Output
PC12.GPIOParameters=PinState,GPIO_Label
PC12.GPIO_Label=USL2
PC12.Locked=true
PC12.PinState=GPIO_PIN_RESET
PC12.Signal=GPIO_Output
PC13-ANTI_TAMP.GPIOParameters=GPIO_PuPd,GPIO_Label,GPIO_ModeDefaultOutputPP
PC13-ANTI_TAMP.GPIO_Label=BUZZER
PC13-ANTI_TAMP.GPIO_ModeDefaultOutputPP=GPIO_MODE_OUTPUT_OD
PC13-ANTI_TAMP.GPIO_PuPd=GPIO_NOPULL
PC13-ANTI_TAMP.Locked=true
PC13-ANTI_TAMP.Signal=GPIO_Output
PC14-OSC32_IN.Mode=LSE-External-Oscillator
PC14-OSC32_IN.Signal=RCC_OSC32_IN
PC15-OSC32_OUT.Mode=LSE-External-Oscillator
PC15-OSC32_OUT.Signal=RCC_OSC32_OUT
<<<<<<< HEAD
PC4.GPIOParameters=GPIO_Label
PC4.GPIO_Label=NRF_CE
PC4.Locked=true
PC4.Signal=GPIO_Output
PC5.GPIOParameters=GPIO_Label
PC5.GPIO_Label=NRF_IRQ
PC5.Locked=true
PC5.Signal=GPIO_Output
PC6.GPIOParameters=GPIO_Speed,GPIO_Label
PC6.GPIO_Label=M2
PC6.GPIO_Speed=GPIO_SPEED_FREQ_VERY_HIGH
PC6.Signal=S_TIM8_CH1
PC7.GPIOParameters=GPIO_Speed,GPIO_Label
PC7.GPIO_Label=M1
PC7.GPIO_Speed=GPIO_SPEED_FREQ_VERY_HIGH
PC7.Signal=S_TIM8_CH2
PC8.GPIOParameters=GPIO_Speed,GPIO_Label
PC8.GPIO_Label=M3
PC8.GPIO_Speed=GPIO_SPEED_FREQ_VERY_HIGH
PC8.Signal=S_TIM8_CH3
PC9.GPIOParameters=GPIO_Speed,GPIO_Label
PC9.GPIO_Label=M4
PC9.GPIO_Speed=GPIO_SPEED_FREQ_VERY_HIGH
PC9.Signal=S_TIM8_CH4
PD0.GPIOParameters=GPIO_Speed,PinState,GPIO_Label
PD0.GPIO_Label=M2_D
PD0.GPIO_Speed=GPIO_SPEED_FREQ_VERY_HIGH
PD0.Locked=true
PD0.PinState=GPIO_PIN_SET
PD0.Signal=GPIO_Output
PD1.GPIOParameters=GPIO_Speed,PinState,GPIO_Label
PD1.GPIO_Label=M1_D
PD1.GPIO_Speed=GPIO_SPEED_FREQ_VERY_HIGH
PD1.Locked=true
PD1.PinState=GPIO_PIN_SET
PD1.Signal=GPIO_Output
PD12.Locked=true
PD12.Signal=GPIO_Output
PD13.Locked=true
PD13.Signal=GPIO_Output
=======
>>>>>>> 7e3a245564d34026c6629dc1f6f08a0930f4cd94
PD15.GPIOParameters=PinState,GPIO_Label
PD15.GPIO_Label=USL3
PD15.Locked=true
PD15.PinState=GPIO_PIN_RESET
PD15.Signal=GPIO_Output
PE10.GPIOParameters=PinState
PE10.Locked=true
PE10.PinState=GPIO_PIN_RESET
PE10.Signal=GPIO_Output
PE15.GPIOParameters=PinState,GPIO_Label
PE15.GPIO_Label=USL4
PE15.Locked=true
PE15.PinState=GPIO_PIN_RESET
PE15.Signal=GPIO_Output
PH0-OSC_IN.Mode=HSE-External-Oscillator
PH0-OSC_IN.Signal=RCC_OSC_IN
PH1-OSC_OUT.Mode=HSE-External-Oscillator
PH1-OSC_OUT.Signal=RCC_OSC_OUT
PinOutPanel.RotationAngle=0
ProjectManager.AskForMigrate=true
ProjectManager.BackupPrevious=false
ProjectManager.CompilerOptimize=6
ProjectManager.ComputerToolchain=false
ProjectManager.CoupleFile=false
ProjectManager.CustomerFirmwarePackage=
ProjectManager.DefaultFWLocation=true
ProjectManager.DeletePrevious=true
ProjectManager.DeviceId=STM32F407VETx
ProjectManager.FirmwarePackage=STM32Cube FW_F4 V1.27.1
ProjectManager.FreePins=true
ProjectManager.HalAssertFull=true
ProjectManager.HeapSize=0x200
ProjectManager.KeepUserCode=true
ProjectManager.LastFirmware=true
ProjectManager.LibraryCopy=0
ProjectManager.MainLocation=Core/Src
ProjectManager.NoMain=false
ProjectManager.PreviousToolchain=
ProjectManager.ProjectBuild=false
ProjectManager.ProjectFileName=F407_Main.ioc
ProjectManager.ProjectName=F407_Main
ProjectManager.ProjectStructure=
ProjectManager.RegisterCallBack=
ProjectManager.StackSize=0x400
ProjectManager.TargetToolchain=MDK-ARM V5
ProjectManager.ToolChainLocation=
ProjectManager.UAScriptAfterPath=
ProjectManager.UAScriptBeforePath=
ProjectManager.UnderRoot=false
<<<<<<< HEAD
ProjectManager.functionlistsort=1-SystemClock_Config-RCC-false-HAL-false,2-MX_GPIO_Init-GPIO-false-HAL-true,3-MX_DMA_Init-DMA-false-HAL-true,4-MX_TIM8_Init-TIM8-false-HAL-true,5-MX_USART2_UART_Init-USART2-false-HAL-true,6-MX_UART4_Init-UART4-false-HAL-true,7-MX_TIM7_Init-TIM7-false-HAL-true,8-MX_SPI1_Init-SPI1-false-HAL-true
=======
ProjectManager.functionlistsort=1-SystemClock_Config-RCC-false-HAL-false,2-MX_GPIO_Init-GPIO-false-HAL-true,3-MX_DMA_Init-DMA-false-HAL-true,4-MX_USART2_UART_Init-USART2-false-HAL-true,5-MX_UART4_Init-UART4-false-HAL-true,6-MX_TIM7_Init-TIM7-false-HAL-true,7-MX_SPI1_Init-SPI1-false-HAL-true,8-MX_I2C1_Init-I2C1-false-HAL-true
>>>>>>> 7e3a245564d34026c6629dc1f6f08a0930f4cd94
RCC.48MHZClocksFreq_Value=32000000
RCC.AHBFreq_Value=16000000
RCC.APB1Freq_Value=16000000
RCC.APB1TimFreq_Value=16000000
RCC.APB2Freq_Value=16000000
RCC.APB2TimFreq_Value=16000000
RCC.CortexFreq_Value=16000000
RCC.EthernetFreq_Value=16000000
RCC.FCLKCortexFreq_Value=16000000
RCC.FamilyName=M
RCC.HCLKFreq_Value=16000000
RCC.HSE_VALUE=25000000
RCC.HSI_VALUE=16000000
RCC.I2SClocksFreq_Value=96000000
RCC.IPParameters=48MHZClocksFreq_Value,AHBFreq_Value,APB1Freq_Value,APB1TimFreq_Value,APB2Freq_Value,APB2TimFreq_Value,CortexFreq_Value,EthernetFreq_Value,FCLKCortexFreq_Value,FamilyName,HCLKFreq_Value,HSE_VALUE,HSI_VALUE,I2SClocksFreq_Value,LSI_VALUE,MCO2PinFreq_Value,PLLCLKFreq_Value,PLLM,PLLN,PLLQCLKFreq_Value,PLLSourceVirtual,RTCFreq_Value,RTCHSEDivFreq_Value,SYSCLKFreq_VALUE,VCOI2SOutputFreq_Value,VCOInputFreq_Value,VCOOutputFreq_Value,VcooutputI2S
RCC.LSI_VALUE=32000
RCC.MCO2PinFreq_Value=16000000
RCC.PLLCLKFreq_Value=64000000
RCC.PLLM=25
RCC.PLLN=128
RCC.PLLQCLKFreq_Value=32000000
RCC.PLLSourceVirtual=RCC_PLLSOURCE_HSE
RCC.RTCFreq_Value=32000
RCC.RTCHSEDivFreq_Value=12500000
RCC.SYSCLKFreq_VALUE=16000000
RCC.VCOI2SOutputFreq_Value=192000000
RCC.VCOInputFreq_Value=1000000
RCC.VCOOutputFreq_Value=128000000
RCC.VcooutputI2S=96000000
SH.GPXTI10.0=GPIO_EXTI10
SH.GPXTI10.ConfNb=1
<<<<<<< HEAD
SH.S_TIM8_CH1.0=TIM8_CH1,PWM Generation1 CH1
SH.S_TIM8_CH1.ConfNb=1
SH.S_TIM8_CH2.0=TIM8_CH2,PWM Generation2 CH2
SH.S_TIM8_CH2.ConfNb=1
SH.S_TIM8_CH3.0=TIM8_CH3,PWM Generation3 CH3
SH.S_TIM8_CH3.ConfNb=1
SH.S_TIM8_CH4.0=TIM8_CH4,PWM Generation4 CH4
SH.S_TIM8_CH4.ConfNb=1
=======
>>>>>>> 7e3a245564d34026c6629dc1f6f08a0930f4cd94
SPI1.CalculateBaudRate=8.0 MBits/s
SPI1.Direction=SPI_DIRECTION_2LINES
SPI1.IPParameters=VirtualType,Mode,Direction,CalculateBaudRate
SPI1.Mode=SPI_MODE_MASTER
SPI1.VirtualType=VM_MASTER
TIM7.AutoReloadPreload=TIM_AUTORELOAD_PRELOAD_ENABLE
TIM7.IPParameters=Prescaler,Period,AutoReloadPreload
TIM7.Period=99
TIM7.Prescaler=1600
VP_SYS_VS_Systick.Mode=SysTick
VP_SYS_VS_Systick.Signal=SYS_VS_Systick
VP_TIM7_VS_ClockSourceINT.Mode=Enable_Timer
VP_TIM7_VS_ClockSourceINT.Signal=TIM7_VS_ClockSourceINT
board=custom
